
Microsoft Visual Studio Solution File, Format Version 12.00
# Visual Studio Version 17
VisualStudioVersion = 17.8.34322.80
MinimumVisualStudioVersion = 10.0.40219.1
Project("{9A19103F-16F7-4668-BE54-9A1E7A4F7556}") = "DbFill", "DbFill\DbFill.csproj", "{6AA519CA-DEF7-43D8-B6B7-F607403A0422}"
EndProject
Project("{9A19103F-16F7-4668-BE54-9A1E7A4F7556}") = "DataModel", "DataModel\DataModel.csproj", "{72C1C057-9D86-45D8-BE4E-A97C49ECC869}"
EndProject
Project("{9A19103F-16F7-4668-BE54-9A1E7A4F7556}") = "AsOldAsApp", "AsOldAsApp\AsOldAsApp.csproj", "{634A8DC5-DA9E-428D-B599-1CC07DC5AEAD}"
EndProject
Global
	GlobalSection(SolutionConfigurationPlatforms) = preSolution
		Debug|Any CPU = Debug|Any CPU
		Release|Any CPU = Release|Any CPU
	EndGlobalSection
	GlobalSection(ProjectConfigurationPlatforms) = postSolution
		{6AA519CA-DEF7-43D8-B6B7-F607403A0422}.Debug|Any CPU.ActiveCfg = Debug|Any CPU
		{6AA519CA-DEF7-43D8-B6B7-F607403A0422}.Debug|Any CPU.Build.0 = Debug|Any CPU
		{6AA519CA-DEF7-43D8-B6B7-F607403A0422}.Release|Any CPU.ActiveCfg = Release|Any CPU
		{6AA519CA-DEF7-43D8-B6B7-F607403A0422}.Release|Any CPU.Build.0 = Release|Any CPU
		{72C1C057-9D86-45D8-BE4E-A97C49ECC869}.Debug|Any CPU.ActiveCfg = Debug|Any CPU
		{72C1C057-9D86-45D8-BE4E-A97C49ECC869}.Debug|Any CPU.Build.0 = Debug|Any CPU
		{72C1C057-9D86-45D8-BE4E-A97C49ECC869}.Release|Any CPU.ActiveCfg = Release|Any CPU
		{72C1C057-9D86-45D8-BE4E-A97C49ECC869}.Release|Any CPU.Build.0 = Release|Any CPU
		{634A8DC5-DA9E-428D-B599-1CC07DC5AEAD}.Debug|Any CPU.ActiveCfg = Debug|Any CPU
		{634A8DC5-DA9E-428D-B599-1CC07DC5AEAD}.Debug|Any CPU.Build.0 = Debug|Any CPU
		{634A8DC5-DA9E-428D-B599-1CC07DC5AEAD}.Release|Any CPU.ActiveCfg = Release|Any CPU
		{634A8DC5-DA9E-428D-B599-1CC07DC5AEAD}.Release|Any CPU.Build.0 = Release|Any CPU
	EndGlobalSection
	GlobalSection(SolutionProperties) = preSolution
		HideSolutionNode = FALSE
	EndGlobalSection
	GlobalSection(ExtensibilityGlobals) = postSolution
		SolutionGuid = {DE2E8635-ABC7-4606-A854-8A411C6E7C25}
	EndGlobalSection
EndGlobal
